
Microsoft Visual Studio Solution File, Format Version 12.00
# Visual Studio 2013
VisualStudioVersion = 12.0.40629.0
MinimumVisualStudioVersion = 10.0.40219.1
Project("{FAE04EC0-301F-11D3-BF4B-00C04F79EFBC}") = "vidly-aspnet-learn", "vidly-aspnet-learn\vidly-aspnet-learn.csproj", "{72C74D0F-01E5-41A0-A015-371E4D0A4F04}"
EndProject
Global
	GlobalSection(SolutionConfigurationPlatforms) = preSolution
		Debug|Any CPU = Debug|Any CPU
		Release|Any CPU = Release|Any CPU
	EndGlobalSection
	GlobalSection(ProjectConfigurationPlatforms) = postSolution
		{72C74D0F-01E5-41A0-A015-371E4D0A4F04}.Debug|Any CPU.ActiveCfg = Debug|Any CPU
		{72C74D0F-01E5-41A0-A015-371E4D0A4F04}.Debug|Any CPU.Build.0 = Debug|Any CPU
		{72C74D0F-01E5-41A0-A015-371E4D0A4F04}.Release|Any CPU.ActiveCfg = Release|Any CPU
		{72C74D0F-01E5-41A0-A015-371E4D0A4F04}.Release|Any CPU.Build.0 = Release|Any CPU
	EndGlobalSection
	GlobalSection(SolutionProperties) = preSolution
		HideSolutionNode = FALSE
	EndGlobalSection
EndGlobal
